
Microsoft Visual Studio Solution File, Format Version 12.00
# Visual Studio 15
VisualStudioVersion = 15.0.27130.2036
MinimumVisualStudioVersion = 10.0.40219.1
Project("{888888A0-9F3D-457C-B088-3A5042F75D52}") = "Neural_Network", "Neural_Network.pyproj", "{B2D4484B-BF47-43E3-AC75-58CF98388D3E}"
EndProject
Project("{888888A0-9F3D-457C-B088-3A5042F75D52}") = "ImageCollector", "ImageCollector\ImageCollector.pyproj", "{477CDEBC-BA9D-49DA-9A27-93C477316B88}"
EndProject
Global
	GlobalSection(SolutionConfigurationPlatforms) = preSolution
		Debug|Any CPU = Debug|Any CPU
		Release|Any CPU = Release|Any CPU
	EndGlobalSection
	GlobalSection(ProjectConfigurationPlatforms) = postSolution
		{B2D4484B-BF47-43E3-AC75-58CF98388D3E}.Debug|Any CPU.ActiveCfg = Debug|Any CPU
		{B2D4484B-BF47-43E3-AC75-58CF98388D3E}.Release|Any CPU.ActiveCfg = Release|Any CPU
		{477CDEBC-BA9D-49DA-9A27-93C477316B88}.Debug|Any CPU.ActiveCfg = Debug|Any CPU
		{477CDEBC-BA9D-49DA-9A27-93C477316B88}.Release|Any CPU.ActiveCfg = Release|Any CPU
	EndGlobalSection
	GlobalSection(SolutionProperties) = preSolution
		HideSolutionNode = FALSE
	EndGlobalSection
	GlobalSection(ExtensibilityGlobals) = postSolution
		SolutionGuid = {79045284-1ED5-4B5E-B418-6C5DFC59CEC2}
	EndGlobalSection
EndGlobal
